// !$*UTF8*$!
{
	archiveVersion = 1;
	classes = {
	};
	objectVersion = 77;
	objects = {

/* Begin PBXContainerItemProxy section */
		6121BC2D2DF39EAD000784DD /* PBXContainerItemProxy */ = {
			isa = PBXContainerItemProxy;
			containerPortal = 6121BC122DF39EAB000784DD /* Project object */;
			proxyType = 1;
			remoteGlobalIDString = 6121BC192DF39EAB000784DD;
			remoteInfo = SimpleBETVGuide;
		};
		6121BC372DF39EAD000784DD /* PBXContainerItemProxy */ = {
			isa = PBXContainerItemProxy;
			containerPortal = 6121BC122DF39EAB000784DD /* Project object */;
			proxyType = 1;
			remoteGlobalIDString = 6121BC192DF39EAB000784DD;
			remoteInfo = SimpleBETVGuide;
		};
/* End PBXContainerItemProxy section */

/* Begin PBXFileReference section */
		6121BC1A2DF39EAB000784DD /* SimpleBETVGuide.app */ = {isa = PBXFileReference; explicitFileType = wrapper.application; includeInIndex = 0; path = SimpleBETVGuide.app; sourceTree = BUILT_PRODUCTS_DIR; };
		6121BC2C2DF39EAD000784DD /* SimpleBETVGuideTests.xctest */ = {isa = PBXFileReference; explicitFileType = wrapper.cfbundle; includeInIndex = 0; path = SimpleBETVGuideTests.xctest; sourceTree = BUILT_PRODUCTS_DIR; };
		6121BC362DF39EAD000784DD /* SimpleBETVGuideUITests.xctest */ = {isa = PBXFileReference; explicitFileType = wrapper.cfbundle; includeInIndex = 0; path = SimpleBETVGuideUITests.xctest; sourceTree = BUILT_PRODUCTS_DIR; };
/* End PBXFileReference section */

/* Begin PBXFileSystemSynchronizedRootGroup section */
		6121BC1C2DF39EAB000784DD /* SimpleBETVGuide */ = {
			isa = PBXFileSystemSynchronizedRootGroup;
			path = SimpleBETVGuide;
			sourceTree = "<group>";
		};
		6121BC2F2DF39EAD000784DD /* SimpleBETVGuideTests */ = {
			isa = PBXFileSystemSynchronizedRootGroup;
			path = SimpleBETVGuideTests;
			sourceTree = "<group>";
		};
		6121BC392DF39EAD000784DD /* SimpleBETVGuideUITests */ = {
			isa = PBXFileSystemSynchronizedRootGroup;
			path = SimpleBETVGuideUITests;
			sourceTree = "<group>";
		};
/* End PBXFileSystemSynchronizedRootGroup section */

/* Begin PBXFrameworksBuildPhase section */
		6121BC172DF39EAB000784DD /* Frameworks */ = {
			isa = PBXFrameworksBuildPhase;
			buildActionMask = 2147483647;
			files = (
			);
			runOnlyForDeploymentPostprocessing = 0;
		};
		6121BC292DF39EAD000784DD /* Frameworks */ = {
			isa = PBXFrameworksBuildPhase;
			buildActionMask = 2147483647;
			files = (
			);
			runOnlyForDeploymentPostprocessing = 0;
		};
		6121BC332DF39EAD000784DD /* Frameworks */ = {
			isa = PBXFrameworksBuildPhase;
			buildActionMask = 2147483647;
			files = (
			);
			runOnlyForDeploymentPostprocessing = 0;
		};
/* End PBXFrameworksBuildPhase section */

/* Begin PBXGroup section */
		6121BC112DF39EAB000784DD = {
			isa = PBXGroup;
			children = (
				6121BC1C2DF39EAB000784DD /* SimpleBETVGuide */,
				6121BC2F2DF39EAD000784DD /* SimpleBETVGuideTests */,
				6121BC392DF39EAD000784DD /* SimpleBETVGuideUITests */,
				6121BC1B2DF39EAB000784DD /* Products */,
			);
			sourceTree = "<group>";
		};
		6121BC1B2DF39EAB000784DD /* Products */ = {
			isa = PBXGroup;
			children = (
				6121BC1A2DF39EAB000784DD /* SimpleBETVGuide.app */,
				6121BC2C2DF39EAD000784DD /* SimpleBETVGuideTests.xctest */,
				6121BC362DF39EAD000784DD /* SimpleBETVGuideUITests.xctest */,
			);
			name = Products;
			sourceTree = "<group>";
		};
/* End PBXGroup section */

/* Begin PBXNativeTarget section */
		6121BC192DF39EAB000784DD /* SimpleBETVGuide */ = {
			isa = PBXNativeTarget;
			buildConfigurationList = 6121BC402DF39EAD000784DD /* Build configuration list for PBXNativeTarget "SimpleBETVGuide" */;
			buildPhases = (
				6121BC162DF39EAB000784DD /* Sources */,
				6121BC172DF39EAB000784DD /* Frameworks */,
				6121BC182DF39EAB000784DD /* Resources */,
			);
			buildRules = (
			);
			dependencies = (
			);
			fileSystemSynchronizedGroups = (
				6121BC1C2DF39EAB000784DD /* SimpleBETVGuide */,
			);
			name = SimpleBETVGuide;
			packageProductDependencies = (
			);
			productName = SimpleBETVGuide;
			productReference = 6121BC1A2DF39EAB000784DD /* SimpleBETVGuide.app */;
			productType = "com.apple.product-type.application";
		};
		6121BC2B2DF39EAD000784DD /* SimpleBETVGuideTests */ = {
			isa = PBXNativeTarget;
			buildConfigurationList = 6121BC432DF39EAD000784DD /* Build configuration list for PBXNativeTarget "SimpleBETVGuideTests" */;
			buildPhases = (
				6121BC282DF39EAD000784DD /* Sources */,
				6121BC292DF39EAD000784DD /* Frameworks */,
				6121BC2A2DF39EAD000784DD /* Resources */,
			);
			buildRules = (
			);
			dependencies = (
				6121BC2E2DF39EAD000784DD /* PBXTargetDependency */,
			);
			fileSystemSynchronizedGroups = (
				6121BC2F2DF39EAD000784DD /* SimpleBETVGuideTests */,
			);
			name = SimpleBETVGuideTests;
			packageProductDependencies = (
			);
			productName = SimpleBETVGuideTests;
			productReference = 6121BC2C2DF39EAD000784DD /* SimpleBETVGuideTests.xctest */;
			productType = "com.apple.product-type.bundle.unit-test";
		};
		6121BC352DF39EAD000784DD /* SimpleBETVGuideUITests */ = {
			isa = PBXNativeTarget;
			buildConfigurationList = 6121BC462DF39EAD000784DD /* Build configuration list for PBXNativeTarget "SimpleBETVGuideUITests" */;
			buildPhases = (
				6121BC322DF39EAD000784DD /* Sources */,
				6121BC332DF39EAD000784DD /* Frameworks */,
				6121BC342DF39EAD000784DD /* Resources */,
			);
			buildRules = (
			);
			dependencies = (
				6121BC382DF39EAD000784DD /* PBXTargetDependency */,
			);
			fileSystemSynchronizedGroups = (
				6121BC392DF39EAD000784DD /* SimpleBETVGuideUITests */,
			);
			name = SimpleBETVGuideUITests;
			packageProductDependencies = (
			);
			productName = SimpleBETVGuideUITests;
			productReference = 6121BC362DF39EAD000784DD /* SimpleBETVGuideUITests.xctest */;
			productType = "com.apple.product-type.bundle.ui-testing";
		};
/* End PBXNativeTarget section */

/* Begin PBXProject section */
		6121BC122DF39EAB000784DD /* Project object */ = {
			isa = PBXProject;
			attributes = {
				BuildIndependentTargetsInParallel = 1;
				LastSwiftUpdateCheck = 1640;
				LastUpgradeCheck = 1640;
				TargetAttributes = {
					6121BC192DF39EAB000784DD = {
						CreatedOnToolsVersion = 16.4;
					};
					6121BC2B2DF39EAD000784DD = {
						CreatedOnToolsVersion = 16.4;
						TestTargetID = 6121BC192DF39EAB000784DD;
					};
					6121BC352DF39EAD000784DD = {
						CreatedOnToolsVersion = 16.4;
						TestTargetID = 6121BC192DF39EAB000784DD;
					};
				};
			};
			buildConfigurationList = 6121BC152DF39EAB000784DD /* Build configuration list for PBXProject "SimpleBETVGuide" */;
			developmentRegion = en;
			hasScannedForEncodings = 0;
			knownRegions = (
				en,
				Base,
			);
			mainGroup = 6121BC112DF39EAB000784DD;
			minimizedProjectReferenceProxies = 1;
			preferredProjectObjectVersion = 77;
			productRefGroup = 6121BC1B2DF39EAB000784DD /* Products */;
			projectDirPath = "";
			projectRoot = "";
			targets = (
				6121BC192DF39EAB000784DD /* SimpleBETVGuide */,
				6121BC2B2DF39EAD000784DD /* SimpleBETVGuideTests */,
				6121BC352DF39EAD000784DD /* SimpleBETVGuideUITests */,
			);
		};
/* End PBXProject section */

/* Begin PBXResourcesBuildPhase section */
		6121BC182DF39EAB000784DD /* Resources */ = {
			isa = PBXResourcesBuildPhase;
			buildActionMask = 2147483647;
			files = (
			);
			runOnlyForDeploymentPostprocessing = 0;
		};
		6121BC2A2DF39EAD000784DD /* Resources */ = {
			isa = PBXResourcesBuildPhase;
			buildActionMask = 2147483647;
			files = (
			);
			runOnlyForDeploymentPostprocessing = 0;
		};
		6121BC342DF39EAD000784DD /* Resources */ = {
			isa = PBXResourcesBuildPhase;
			buildActionMask = 2147483647;
			files = (
			);
			runOnlyForDeploymentPostprocessing = 0;
		};
/* End PBXResourcesBuildPhase section */

/* Begin PBXSourcesBuildPhase section */
		6121BC162DF39EAB000784DD /* Sources */ = {
			isa = PBXSourcesBuildPhase;
			buildActionMask = 2147483647;
			files = (
			);
			runOnlyForDeploymentPostprocessing = 0;
		};
		6121BC282DF39EAD000784DD /* Sources */ = {
			isa = PBXSourcesBuildPhase;
			buildActionMask = 2147483647;
			files = (
			);
			runOnlyForDeploymentPostprocessing = 0;
		};
		6121BC322DF39EAD000784DD /* Sources */ = {
			isa = PBXSourcesBuildPhase;
			buildActionMask = 2147483647;
			files = (
			);
			runOnlyForDeploymentPostprocessing = 0;
		};
/* End PBXSourcesBuildPhase section */

/* Begin PBXTargetDependency section */
		6121BC2E2DF39EAD000784DD /* PBXTargetDependency */ = {
			isa = PBXTargetDependency;
			target = 6121BC192DF39EAB000784DD /* SimpleBETVGuide */;
			targetProxy = 6121BC2D2DF39EAD000784DD /* PBXContainerItemProxy */;
		};
		6121BC382DF39EAD000784DD /* PBXTargetDependency */ = {
			isa = PBXTargetDependency;
			target = 6121BC192DF39EAB000784DD /* SimpleBETVGuide */;
			targetProxy = 6121BC372DF39EAD000784DD /* PBXContainerItemProxy */;
		};
/* End PBXTargetDependency section */

/* Begin XCBuildConfiguration section */
		6121BC3E2DF39EAD000784DD /* Debug */ = {
			isa = XCBuildConfiguration;
			buildSettings = {
				ALWAYS_SEARCH_USER_PATHS = NO;
				ASSETCATALOG_COMPILER_GENERATE_SWIFT_ASSET_SYMBOL_EXTENSIONS = YES;
				CLANG_ANALYZER_NONNULL = YES;
				CLANG_ANALYZER_NUMBER_OBJECT_CONVERSION = YES_AGGRESSIVE;
				CLANG_CXX_LANGUAGE_STANDARD = "gnu++20";
				CLANG_ENABLE_MODULES = YES;
				CLANG_ENABLE_OBJC_ARC = YES;
				CLANG_ENABLE_OBJC_WEAK = YES;
				CLANG_WARN_BLOCK_CAPTURE_AUTORELEASING = YES;
				CLANG_WARN_BOOL_CONVERSION = YES;
				CLANG_WARN_COMMA = YES;
				CLANG_WARN_CONSTANT_CONVERSION = YES;
				CLANG_WARN_DEPRECATED_OBJC_IMPLEMENTATIONS = YES;
				CLANG_WARN_DIRECT_OBJC_ISA_USAGE = YES_ERROR;
				CLANG_WARN_DOCUMENTATION_COMMENTS = YES;
				CLANG_WARN_EMPTY_BODY = YES;
				CLANG_WARN_ENUM_CONVERSION = YES;
				CLANG_WARN_INFINITE_RECURSION = YES;
				CLANG_WARN_INT_CONVERSION = YES;
				CLANG_WARN_NON_LITERAL_NULL_CONVERSION = YES;
				CLANG_WARN_OBJC_IMPLICIT_RETAIN_SELF = YES;
				CLANG_WARN_OBJC_LITERAL_CONVERSION = YES;
				CLANG_WARN_OBJC_ROOT_CLASS = YES_ERROR;
				CLANG_WARN_QUOTED_INCLUDE_IN_FRAMEWORK_HEADER = YES;
				CLANG_WARN_RANGE_LOOP_ANALYSIS = YES;
				CLANG_WARN_STRICT_PROTOTYPES = YES;
				CLANG_WARN_SUSPICIOUS_MOVE = YES;
				CLANG_WARN_UNGUARDED_AVAILABILITY = YES_AGGRESSIVE;
				CLANG_WARN_UNREACHABLE_CODE = YES;
				CLANG_WARN__DUPLICATE_METHOD_MATCH = YES;
				COPY_PHASE_STRIP = NO;
				DEBUG_INFORMATION_FORMAT = dwarf;
				DEVELOPMENT_TEAM = 3DLG7NYS9Z;
				ENABLE_STRICT_OBJC_MSGSEND = YES;
				ENABLE_TESTABILITY = YES;
				ENABLE_USER_SCRIPT_SANDBOXING = YES;
				GCC_C_LANGUAGE_STANDARD = gnu17;
				GCC_DYNAMIC_NO_PIC = NO;
				GCC_NO_COMMON_BLOCKS = YES;
				GCC_OPTIMIZATION_LEVEL = 0;
				GCC_PREPROCESSOR_DEFINITIONS = (
					"DEBUG=1",
					"$(inherited)",
				);
				GCC_WARN_64_TO_32_BIT_CONVERSION = YES;
				GCC_WARN_ABOUT_RETURN_TYPE = YES_ERROR;
				GCC_WARN_UNDECLARED_SELECTOR = YES;
				GCC_WARN_UNINITIALIZED_AUTOS = YES_AGGRESSIVE;
				GCC_WARN_UNUSED_FUNCTION = YES;
				GCC_WARN_UNUSED_VARIABLE = YES;
				IPHONEOS_DEPLOYMENT_TARGET = 18.5;
				LOCALIZATION_PREFERS_STRING_CATALOGS = YES;
				MTL_ENABLE_DEBUG_INFO = INCLUDE_SOURCE;
				MTL_FAST_MATH = YES;
				ONLY_ACTIVE_ARCH = YES;
				SDKROOT = iphoneos;
				SWIFT_ACTIVE_COMPILATION_CONDITIONS = "DEBUG $(inherited)";
				SWIFT_OPTIMIZATION_LEVEL = "-Onone";
			};
			name = Debug;
		};
		6121BC3F2DF39EAD000784DD /* Release */ = {
			isa = XCBuildConfiguration;
			buildSettings = {
				ALWAYS_SEARCH_USER_PATHS = NO;
				ASSETCATALOG_COMPILER_GENERATE_SWIFT_ASSET_SYMBOL_EXTENSIONS = YES;
				CLANG_ANALYZER_NONNULL = YES;
				CLANG_ANALYZER_NUMBER_OBJECT_CONVERSION = YES_AGGRESSIVE;
				CLANG_CXX_LANGUAGE_STANDARD = "gnu++20";
				CLANG_ENABLE_MODULES = YES;
				CLANG_ENABLE_OBJC_ARC = YES;
				CLANG_ENABLE_OBJC_WEAK = YES;
				CLANG_WARN_BLOCK_CAPTURE_AUTORELEASING = YES;
				CLANG_WARN_BOOL_CONVERSION = YES;
				CLANG_WARN_COMMA = YES;
				CLANG_WARN_CONSTANT_CONVERSION = YES;
				CLANG_WARN_DEPRECATED_OBJC_IMPLEMENTATIONS = YES;
				CLANG_WARN_DIRECT_OBJC_ISA_USAGE = YES_ERROR;
				CLANG_WARN_DOCUMENTATION_COMMENTS = YES;
				CLANG_WARN_EMPTY_BODY = YES;
				CLANG_WARN_ENUM_CONVERSION = YES;
				CLANG_WARN_INFINITE_RECURSION = YES;
				CLANG_WARN_INT_CONVERSION = YES;
				CLANG_WARN_NON_LITERAL_NULL_CONVERSION = YES;
				CLANG_WARN_OBJC_IMPLICIT_RETAIN_SELF = YES;
				CLANG_WARN_OBJC_LITERAL_CONVERSION = YES;
				CLANG_WARN_OBJC_ROOT_CLASS = YES_ERROR;
				CLANG_WARN_QUOTED_INCLUDE_IN_FRAMEWORK_HEADER = YES;
				CLANG_WARN_RANGE_LOOP_ANALYSIS = YES;
				CLANG_WARN_STRICT_PROTOTYPES = YES;
				CLANG_WARN_SUSPICIOUS_MOVE = YES;
				CLANG_WARN_UNGUARDED_AVAILABILITY = YES_AGGRESSIVE;
				CLANG_WARN_UNREACHABLE_CODE = YES;
				CLANG_WARN__DUPLICATE_METHOD_MATCH = YES;
				COPY_PHASE_STRIP = NO;
				DEBUG_INFORMATION_FORMAT = "dwarf-with-dsym";
				DEVELOPMENT_TEAM = 3DLG7NYS9Z;
				ENABLE_NS_ASSERTIONS = NO;
				ENABLE_STRICT_OBJC_MSGSEND = YES;
				ENABLE_USER_SCRIPT_SANDBOXING = YES;
				GCC_C_LANGUAGE_STANDARD = gnu17;
				GCC_NO_COMMON_BLOCKS = YES;
				GCC_WARN_64_TO_32_BIT_CONVERSION = YES;
				GCC_WARN_ABOUT_RETURN_TYPE = YES_ERROR;
				GCC_WARN_UNDECLARED_SELECTOR = YES;
				GCC_WARN_UNINITIALIZED_AUTOS = YES_AGGRESSIVE;
				GCC_WARN_UNUSED_FUNCTION = YES;
				GCC_WARN_UNUSED_VARIABLE = YES;
				IPHONEOS_DEPLOYMENT_TARGET = 18.5;
				LOCALIZATION_PREFERS_STRING_CATALOGS = YES;
				MTL_ENABLE_DEBUG_INFO = NO;
				MTL_FAST_MATH = YES;
				SDKROOT = iphoneos;
				SWIFT_COMPILATION_MODE = wholemodule;
				VALIDATE_PRODUCT = YES;
			};
			name = Release;
		};
		6121BC412DF39EAD000784DD /* Debug */ = {
			isa = XCBuildConfiguration;
			buildSettings = {
				ASSETCATALOG_COMPILER_APPICON_NAME = AppIcon;
				ASSETCATALOG_COMPILER_GLOBAL_ACCENT_COLOR_NAME = AccentColor;
				CODE_SIGN_STYLE = Automatic;
				CURRENT_PROJECT_VERSION = 1;
				DEVELOPMENT_TEAM = 3DLG7NYS9Z;
				ENABLE_PREVIEWS = YES;
				GENERATE_INFOPLIST_FILE = YES;
				INFOPLIST_KEY_UIApplicationSceneManifest_Generation = YES;
				INFOPLIST_KEY_UIApplicationSupportsIndirectInputEvents = YES;
				INFOPLIST_KEY_UILaunchScreen_Generation = YES;
				INFOPLIST_KEY_UISupportedInterfaceOrientations_iPad = "UIInterfaceOrientationPortrait UIInterfaceOrientationPortraitUpsideDown UIInterfaceOrientationLandscapeLeft UIInterfaceOrientationLandscapeRight";
				INFOPLIST_KEY_UISupportedInterfaceOrientations_iPhone = "UIInterfaceOrientationPortrait UIInterfaceOrientationLandscapeLeft UIInterfaceOrientationLandscapeRight";
				LD_RUNPATH_SEARCH_PATHS = (
					"$(inherited)",
					"@executable_path/Frameworks",
				);
				MARKETING_VERSION = 1.0;
				PRODUCT_BUNDLE_IDENTIFIER = net.ddns.lennertfranssens.SimpleBETVGuide;
				PRODUCT_NAME = "$(TARGET_NAME)";
				SWIFT_EMIT_LOC_STRINGS = YES;
				SWIFT_VERSION = 5.0;
				TARGETED_DEVICE_FAMILY = "1,2";
			};
			name = Debug;
		};
		6121BC422DF39EAD000784DD /* Release */ = {
			isa = XCBuildConfiguration;
			buildSettings = {
				ASSETCATALOG_COMPILER_APPICON_NAME = AppIcon;
				ASSETCATALOG_COMPILER_GLOBAL_ACCENT_COLOR_NAME = AccentColor;
				CODE_SIGN_STYLE = Automatic;
				CURRENT_PROJECT_VERSION = 1;
				DEVELOPMENT_TEAM = 3DLG7NYS9Z;
				ENABLE_PREVIEWS = YES;
				GENERATE_INFOPLIST_FILE = YES;
				INFOPLIST_KEY_UIApplicationSceneManifest_Generation = YES;
				INFOPLIST_KEY_UIApplicationSupportsIndirectInputEvents = YES;
				INFOPLIST_KEY_UILaunchScreen_Generation = YES;
				INFOPLIST_KEY_UISupportedInterfaceOrientations_iPad = "UIInterfaceOrientationPortrait UIInterfaceOrientationPortraitUpsideDown UIInterfaceOrientationLandscapeLeft UIInterfaceOrientationLandscapeRight";
				INFOPLIST_KEY_UISupportedInterfaceOrientations_iPhone = "UIInterfaceOrientationPortrait UIInterfaceOrientationLandscapeLeft UIInterfaceOrientationLandscapeRight";
				LD_RUNPATH_SEARCH_PATHS = (
					"$(inherited)",
					"@executable_path/Frameworks",
				);
				MARKETING_VERSION = 1.0;
				PRODUCT_BUNDLE_IDENTIFIER = net.ddns.lennertfranssens.SimpleBETVGuide;
				PRODUCT_NAME = "$(TARGET_NAME)";
				SWIFT_EMIT_LOC_STRINGS = YES;
				SWIFT_VERSION = 5.0;
				TARGETED_DEVICE_FAMILY = "1,2";
			};
			name = Release;
		};
		6121BC442DF39EAD000784DD /* Debug */ = {
			isa = XCBuildConfiguration;
			buildSettings = {
				BUNDLE_LOADER = "$(TEST_HOST)";
				CODE_SIGN_STYLE = Automatic;
				CURRENT_PROJECT_VERSION = 1;
				DEVELOPMENT_TEAM = 3DLG7NYS9Z;
				GENERATE_INFOPLIST_FILE = YES;
				IPHONEOS_DEPLOYMENT_TARGET = 18.5;
				MARKETING_VERSION = 1.0;
				PRODUCT_BUNDLE_IDENTIFIER = net.ddns.lennertfranssens.SimpleBETVGuideTests;
				PRODUCT_NAME = "$(TARGET_NAME)";
				SWIFT_EMIT_LOC_STRINGS = NO;
				SWIFT_VERSION = 5.0;
				TARGETED_DEVICE_FAMILY = "1,2";
				TEST_HOST = "$(BUILT_PRODUCTS_DIR)/SimpleBETVGuide.app/$(BUNDLE_EXECUTABLE_FOLDER_PATH)/SimpleBETVGuide";
			};
			name = Debug;
		};
		6121BC452DF39EAD000784DD /* Release */ = {
			isa = XCBuildConfiguration;
			buildSettings = {
				BUNDLE_LOADER = "$(TEST_HOST)";
				CODE_SIGN_STYLE = Automatic;
				CURRENT_PROJECT_VERSION = 1;
				DEVELOPMENT_TEAM = 3DLG7NYS9Z;
				GENERATE_INFOPLIST_FILE = YES;
				IPHONEOS_DEPLOYMENT_TARGET = 18.5;
				MARKETING_VERSION = 1.0;
				PRODUCT_BUNDLE_IDENTIFIER = net.ddns.lennertfranssens.SimpleBETVGuideTests;
				PRODUCT_NAME = "$(TARGET_NAME)";
				SWIFT_EMIT_LOC_STRINGS = NO;
				SWIFT_VERSION = 5.0;
				TARGETED_DEVICE_FAMILY = "1,2";
				TEST_HOST = "$(BUILT_PRODUCTS_DIR)/SimpleBETVGuide.app/$(BUNDLE_EXECUTABLE_FOLDER_PATH)/SimpleBETVGuide";
			};
			name = Release;
		};
		6121BC472DF39EAD000784DD /* Debug */ = {
			isa = XCBuildConfiguration;
			buildSettings = {
				CODE_SIGN_STYLE = Automatic;
				CURRENT_PROJECT_VERSION = 1;
				DEVELOPMENT_TEAM = 3DLG7NYS9Z;
				GENERATE_INFOPLIST_FILE = YES;
				MARKETING_VERSION = 1.0;
				PRODUCT_BUNDLE_IDENTIFIER = net.ddns.lennertfranssens.SimpleBETVGuideUITests;
				PRODUCT_NAME = "$(TARGET_NAME)";
				SWIFT_EMIT_LOC_STRINGS = NO;
				SWIFT_VERSION = 5.0;
				TARGETED_DEVICE_FAMILY = "1,2";
				TEST_TARGET_NAME = SimpleBETVGuide;
			};
			name = Debug;
		};
		6121BC482DF39EAD000784DD /* Release */ = {
			isa = XCBuildConfiguration;
			buildSettings = {
				CODE_SIGN_STYLE = Automatic;
				CURRENT_PROJECT_VERSION = 1;
				DEVELOPMENT_TEAM = 3DLG7NYS9Z;
				GENERATE_INFOPLIST_FILE = YES;
				MARKETING_VERSION = 1.0;
				PRODUCT_BUNDLE_IDENTIFIER = net.ddns.lennertfranssens.SimpleBETVGuideUITests;
				PRODUCT_NAME = "$(TARGET_NAME)";
				SWIFT_EMIT_LOC_STRINGS = NO;
				SWIFT_VERSION = 5.0;
				TARGETED_DEVICE_FAMILY = "1,2";
				TEST_TARGET_NAME = SimpleBETVGuide;
			};
			name = Release;
		};
/* End XCBuildConfiguration section */

/* Begin XCConfigurationList section */
		6121BC152DF39EAB000784DD /* Build configuration list for PBXProject "SimpleBETVGuide" */ = {
			isa = XCConfigurationList;
			buildConfigurations = (
				6121BC3E2DF39EAD000784DD /* Debug */,
				6121BC3F2DF39EAD000784DD /* Release */,
			);
			defaultConfigurationIsVisible = 0;
			defaultConfigurationName = Release;
		};
		6121BC402DF39EAD000784DD /* Build configuration list for PBXNativeTarget "SimpleBETVGuide" */ = {
			isa = XCConfigurationList;
			buildConfigurations = (
				6121BC412DF39EAD000784DD /* Debug */,
				6121BC422DF39EAD000784DD /* Release */,
			);
			defaultConfigurationIsVisible = 0;
			defaultConfigurationName = Release;
		};
		6121BC432DF39EAD000784DD /* Build configuration list for PBXNativeTarget "SimpleBETVGuideTests" */ = {
			isa = XCConfigurationList;
			buildConfigurations = (
				6121BC442DF39EAD000784DD /* Debug */,
				6121BC452DF39EAD000784DD /* Release */,
			);
			defaultConfigurationIsVisible = 0;
			defaultConfigurationName = Release;
		};
		6121BC462DF39EAD000784DD /* Build configuration list for PBXNativeTarget "SimpleBETVGuideUITests" */ = {
			isa = XCConfigurationList;
			buildConfigurations = (
				6121BC472DF39EAD000784DD /* Debug */,
				6121BC482DF39EAD000784DD /* Release */,
			);
			defaultConfigurationIsVisible = 0;
			defaultConfigurationName = Release;
		};
/* End XCConfigurationList section */
	};
	rootObject = 6121BC122DF39EAB000784DD /* Project object */;
}
